
Microsoft Visual Studio Solution File, Format Version 12.00
# Visual Studio Version 17
VisualStudioVersion = 17.6.33829.357
MinimumVisualStudioVersion = 10.0.40219.1
Project("{FAE04EC0-301F-11D3-BF4B-00C04F79EFBC}") = "WebApplication3", "WebApplication3.csproj", "{C432FDB1-9E2D-48E2-ABA2-EC3D70331A95}"
EndProject
Global
	GlobalSection(SolutionConfigurationPlatforms) = preSolution
		Debug|Any CPU = Debug|Any CPU
		Release|Any CPU = Release|Any CPU
	EndGlobalSection
	GlobalSection(ProjectConfigurationPlatforms) = postSolution
		{C432FDB1-9E2D-48E2-ABA2-EC3D70331A95}.Debug|Any CPU.ActiveCfg = Debug|Any CPU
		{C432FDB1-9E2D-48E2-ABA2-EC3D70331A95}.Debug|Any CPU.Build.0 = Debug|Any CPU
		{C432FDB1-9E2D-48E2-ABA2-EC3D70331A95}.Release|Any CPU.ActiveCfg = Release|Any CPU
		{C432FDB1-9E2D-48E2-ABA2-EC3D70331A95}.Release|Any CPU.Build.0 = Release|Any CPU
	EndGlobalSection
	GlobalSection(SolutionProperties) = preSolution
		HideSolutionNode = FALSE
	EndGlobalSection
	GlobalSection(ExtensibilityGlobals) = postSolution
		SolutionGuid = {E9EC90B0-F3E1-45E5-9099-A4E2EF20D554}
	EndGlobalSection
EndGlobal
